
Microsoft Visual Studio Solution File, Format Version 12.00
# Visual Studio Version 17
VisualStudioVersion = 17.13.35818.85
MinimumVisualStudioVersion = 10.0.40219.1
Project("{2150E333-8FDC-42A3-9474-1A3956D46DE8}") = "Repository Items", "Repository Items", "{02EA681E-C7D8-13C7-8484-4AC65E1B71E8}"
	ProjectSection(SolutionItems) = preProject
		.gitignore = .gitignore
		.gitmodules = .gitmodules
		LICENSE = LICENSE
		README.md = README.md
	EndProjectSection
EndProject
Project("{2150E333-8FDC-42A3-9474-1A3956D46DE8}") = "scssdk-telemetry", "scssdk-telemetry", "{F46EAD73-0FDA-4586-B81A-38A7B0837EB6}"
	ProjectSection(SolutionItems) = preProject
		scssdk-telemetry\.git = scssdk-telemetry\.git
		scssdk-telemetry\.gitignore = scssdk-telemetry\.gitignore
		scssdk-telemetry\LICENSE = scssdk-telemetry\LICENSE
		scssdk-telemetry\README.md = scssdk-telemetry\README.md
		scssdk-telemetry\scssdk_dataclasses.py = scssdk-telemetry\scssdk_dataclasses.py
		scssdk-telemetry\scssdk_telemetry.json = scssdk-telemetry\scssdk_telemetry.json
		scssdk-telemetry\scssdk_telemetry.yaml = scssdk-telemetry\scssdk_telemetry.yaml
		scssdk-telemetry\truckconnect.py = scssdk-telemetry\truckconnect.py
	EndProjectSection
EndProject
Project("{2150E333-8FDC-42A3-9474-1A3956D46DE8}") = "include", "include", "{25EC4296-6D33-4073-9724-E1DCD12DEFAB}"
	ProjectSection(SolutionItems) = preProject
		scssdk-telemetry\include\extract_trailer_index.h = scssdk-telemetry\include\extract_trailer_index.h
		scssdk-telemetry\include\storage.h = scssdk-telemetry\include\storage.h
	EndProjectSection
EndProject
Project("{2150E333-8FDC-42A3-9474-1A3956D46DE8}") = "C++", "C++", "{ABCF57D8-A47E-44FE-82C9-82570289BFA1}"
EndProject
Project("{8BC9CEB8-8B4A-11D0-8D11-00A0C91BC942}") = "truckconnect", "c++\truckconnect\truckconnect.vcxitems", "{07B6DE3E-FDF6-4293-BBA6-56AC2394FF27}"
EndProject
Project("{8BC9CEB8-8B4A-11D0-8D11-00A0C91BC942}") = "truckconnectextension", "truckconnectextension\truckconnectextension.vcxproj", "{4A867DCF-7B98-4D1F-B99D-64537F788236}"
EndProject
Project("{8BC9CEB8-8B4A-11D0-8D11-00A0C91BC942}") = "nstreamcom", "..\proto-truckconnect\NStreamCom\nstreamcom.vcxitems", "{F6AABF94-ED61-41AC-AAAD-E75510AF8CFF}"
EndProject
Project("{8BC9CEB8-8B4A-11D0-8D11-00A0C91BC942}") = "testclient", "c++\testclient\testclient.vcxproj", "{E46BEE7B-2FF6-49B9-8B9D-C6FA567039C2}"
EndProject
Project("{2150E333-8FDC-42A3-9474-1A3956D46DE8}") = "C#", "C#", "{898E0E73-5893-4C0E-9774-BD8EAD590E8A}"
EndProject
Project("{FAE04EC0-301F-11D3-BF4B-00C04F79EFBC}") = "NStreamCom", "C#\NStreamCom\src\NStreamCom\NStreamCom.csproj", "{546D749C-47DD-062B-5C3F-5734F5245225}"
EndProject
Project("{FAE04EC0-301F-11D3-BF4B-00C04F79EFBC}") = "TruckConnectDotNet", "C#\TruckConnectDotNet\TruckConnectDotNet.csproj", "{1A989ADA-638C-4D0C-BEF8-7869ACD84F0C}"
EndProject
Project("{FAE04EC0-301F-11D3-BF4B-00C04F79EFBC}") = "TestClientDotNet", "C#\TestClientDotNet\TestClientDotNet.csproj", "{B2B9BC47-F52E-43B6-8339-30AA5AC15515}"
EndProject
Project("{2150E333-8FDC-42A3-9474-1A3956D46DE8}") = "Samples", "Samples", "{29E52067-D4AF-42A8-BCDC-5BE88A8D93A9}"
EndProject
Project("{8BC9CEB8-8B4A-11D0-8D11-00A0C91BC942}") = "basictelemetry", "c++\samples\basictelemetry\basictelemetry.vcxproj", "{218DB0DB-EE92-4FE9-9F83-3F5E9B69788E}"
EndProject
Project("{8BC9CEB8-8B4A-11D0-8D11-00A0C91BC942}") = "trailertelemetry", "c++\samples\trailertelemetry\trailertelemetry.vcxproj", "{D996B66D-870A-455E-9F40-A127E96847C0}"
EndProject
Global
	GlobalSection(SolutionConfigurationPlatforms) = preSolution
		Debug|Any CPU = Debug|Any CPU
		Debug|x64 = Debug|x64
		Debug|x86 = Debug|x86
		Release|Any CPU = Release|Any CPU
		Release|x64 = Release|x64
		Release|x86 = Release|x86
	EndGlobalSection
	GlobalSection(ProjectConfigurationPlatforms) = postSolution
		{4A867DCF-7B98-4D1F-B99D-64537F788236}.Debug|Any CPU.ActiveCfg = Debug|x64
		{4A867DCF-7B98-4D1F-B99D-64537F788236}.Debug|Any CPU.Build.0 = Debug|x64
		{4A867DCF-7B98-4D1F-B99D-64537F788236}.Debug|x64.ActiveCfg = Debug|x64
		{4A867DCF-7B98-4D1F-B99D-64537F788236}.Debug|x64.Build.0 = Debug|x64
		{4A867DCF-7B98-4D1F-B99D-64537F788236}.Debug|x86.ActiveCfg = Debug|Win32
		{4A867DCF-7B98-4D1F-B99D-64537F788236}.Debug|x86.Build.0 = Debug|Win32
		{4A867DCF-7B98-4D1F-B99D-64537F788236}.Release|Any CPU.ActiveCfg = Release|x64
		{4A867DCF-7B98-4D1F-B99D-64537F788236}.Release|Any CPU.Build.0 = Release|x64
		{4A867DCF-7B98-4D1F-B99D-64537F788236}.Release|x64.ActiveCfg = Release|x64
		{4A867DCF-7B98-4D1F-B99D-64537F788236}.Release|x64.Build.0 = Release|x64
		{4A867DCF-7B98-4D1F-B99D-64537F788236}.Release|x86.ActiveCfg = Release|Win32
		{4A867DCF-7B98-4D1F-B99D-64537F788236}.Release|x86.Build.0 = Release|Win32
		{E46BEE7B-2FF6-49B9-8B9D-C6FA567039C2}.Debug|Any CPU.ActiveCfg = Debug|x64
		{E46BEE7B-2FF6-49B9-8B9D-C6FA567039C2}.Debug|Any CPU.Build.0 = Debug|x64
		{E46BEE7B-2FF6-49B9-8B9D-C6FA567039C2}.Debug|x64.ActiveCfg = Debug|x64
		{E46BEE7B-2FF6-49B9-8B9D-C6FA567039C2}.Debug|x64.Build.0 = Debug|x64
		{E46BEE7B-2FF6-49B9-8B9D-C6FA567039C2}.Debug|x86.ActiveCfg = Debug|Win32
		{E46BEE7B-2FF6-49B9-8B9D-C6FA567039C2}.Debug|x86.Build.0 = Debug|Win32
		{E46BEE7B-2FF6-49B9-8B9D-C6FA567039C2}.Release|Any CPU.ActiveCfg = Release|x64
		{E46BEE7B-2FF6-49B9-8B9D-C6FA567039C2}.Release|Any CPU.Build.0 = Release|x64
		{E46BEE7B-2FF6-49B9-8B9D-C6FA567039C2}.Release|x64.ActiveCfg = Release|x64
		{E46BEE7B-2FF6-49B9-8B9D-C6FA567039C2}.Release|x64.Build.0 = Release|x64
		{E46BEE7B-2FF6-49B9-8B9D-C6FA567039C2}.Release|x86.ActiveCfg = Release|Win32
		{E46BEE7B-2FF6-49B9-8B9D-C6FA567039C2}.Release|x86.Build.0 = Release|Win32
		{546D749C-47DD-062B-5C3F-5734F5245225}.Debug|Any CPU.ActiveCfg = Debug|Any CPU
		{546D749C-47DD-062B-5C3F-5734F5245225}.Debug|Any CPU.Build.0 = Debug|Any CPU
		{546D749C-47DD-062B-5C3F-5734F5245225}.Debug|x64.ActiveCfg = Debug|Any CPU
		{546D749C-47DD-062B-5C3F-5734F5245225}.Debug|x64.Build.0 = Debug|Any CPU
		{546D749C-47DD-062B-5C3F-5734F5245225}.Debug|x86.ActiveCfg = Debug|Any CPU
		{546D749C-47DD-062B-5C3F-5734F5245225}.Debug|x86.Build.0 = Debug|Any CPU
		{546D749C-47DD-062B-5C3F-5734F5245225}.Release|Any CPU.ActiveCfg = Release|Any CPU
		{546D749C-47DD-062B-5C3F-5734F5245225}.Release|Any CPU.Build.0 = Release|Any CPU
		{546D749C-47DD-062B-5C3F-5734F5245225}.Release|x64.ActiveCfg = Release|Any CPU
		{546D749C-47DD-062B-5C3F-5734F5245225}.Release|x64.Build.0 = Release|Any CPU
		{546D749C-47DD-062B-5C3F-5734F5245225}.Release|x86.ActiveCfg = Release|Any CPU
		{546D749C-47DD-062B-5C3F-5734F5245225}.Release|x86.Build.0 = Release|Any CPU
		{1A989ADA-638C-4D0C-BEF8-7869ACD84F0C}.Debug|Any CPU.ActiveCfg = Debug|Any CPU
		{1A989ADA-638C-4D0C-BEF8-7869ACD84F0C}.Debug|Any CPU.Build.0 = Debug|Any CPU
		{1A989ADA-638C-4D0C-BEF8-7869ACD84F0C}.Debug|x64.ActiveCfg = Debug|Any CPU
		{1A989ADA-638C-4D0C-BEF8-7869ACD84F0C}.Debug|x64.Build.0 = Debug|Any CPU
		{1A989ADA-638C-4D0C-BEF8-7869ACD84F0C}.Debug|x86.ActiveCfg = Debug|Any CPU
		{1A989ADA-638C-4D0C-BEF8-7869ACD84F0C}.Debug|x86.Build.0 = Debug|Any CPU
		{1A989ADA-638C-4D0C-BEF8-7869ACD84F0C}.Release|Any CPU.ActiveCfg = Release|Any CPU
		{1A989ADA-638C-4D0C-BEF8-7869ACD84F0C}.Release|Any CPU.Build.0 = Release|Any CPU
		{1A989ADA-638C-4D0C-BEF8-7869ACD84F0C}.Release|x64.ActiveCfg = Release|Any CPU
		{1A989ADA-638C-4D0C-BEF8-7869ACD84F0C}.Release|x64.Build.0 = Release|Any CPU
		{1A989ADA-638C-4D0C-BEF8-7869ACD84F0C}.Release|x86.ActiveCfg = Release|Any CPU
		{1A989ADA-638C-4D0C-BEF8-7869ACD84F0C}.Release|x86.Build.0 = Release|Any CPU
		{B2B9BC47-F52E-43B6-8339-30AA5AC15515}.Debug|Any CPU.ActiveCfg = Debug|Any CPU
		{B2B9BC47-F52E-43B6-8339-30AA5AC15515}.Debug|Any CPU.Build.0 = Debug|Any CPU
		{B2B9BC47-F52E-43B6-8339-30AA5AC15515}.Debug|x64.ActiveCfg = Debug|Any CPU
		{B2B9BC47-F52E-43B6-8339-30AA5AC15515}.Debug|x64.Build.0 = Debug|Any CPU
		{B2B9BC47-F52E-43B6-8339-30AA5AC15515}.Debug|x86.ActiveCfg = Debug|Any CPU
		{B2B9BC47-F52E-43B6-8339-30AA5AC15515}.Debug|x86.Build.0 = Debug|Any CPU
		{B2B9BC47-F52E-43B6-8339-30AA5AC15515}.Release|Any CPU.ActiveCfg = Release|Any CPU
		{B2B9BC47-F52E-43B6-8339-30AA5AC15515}.Release|Any CPU.Build.0 = Release|Any CPU
		{B2B9BC47-F52E-43B6-8339-30AA5AC15515}.Release|x64.ActiveCfg = Release|Any CPU
		{B2B9BC47-F52E-43B6-8339-30AA5AC15515}.Release|x64.Build.0 = Release|Any CPU
		{B2B9BC47-F52E-43B6-8339-30AA5AC15515}.Release|x86.ActiveCfg = Release|Any CPU
		{B2B9BC47-F52E-43B6-8339-30AA5AC15515}.Release|x86.Build.0 = Release|Any CPU
		{218DB0DB-EE92-4FE9-9F83-3F5E9B69788E}.Debug|Any CPU.ActiveCfg = Debug|x64
		{218DB0DB-EE92-4FE9-9F83-3F5E9B69788E}.Debug|Any CPU.Build.0 = Debug|x64
		{218DB0DB-EE92-4FE9-9F83-3F5E9B69788E}.Debug|x64.ActiveCfg = Debug|x64
		{218DB0DB-EE92-4FE9-9F83-3F5E9B69788E}.Debug|x64.Build.0 = Debug|x64
		{218DB0DB-EE92-4FE9-9F83-3F5E9B69788E}.Debug|x86.ActiveCfg = Debug|Win32
		{218DB0DB-EE92-4FE9-9F83-3F5E9B69788E}.Debug|x86.Build.0 = Debug|Win32
		{218DB0DB-EE92-4FE9-9F83-3F5E9B69788E}.Release|Any CPU.ActiveCfg = Release|x64
		{218DB0DB-EE92-4FE9-9F83-3F5E9B69788E}.Release|Any CPU.Build.0 = Release|x64
		{218DB0DB-EE92-4FE9-9F83-3F5E9B69788E}.Release|x64.ActiveCfg = Release|x64
		{218DB0DB-EE92-4FE9-9F83-3F5E9B69788E}.Release|x64.Build.0 = Release|x64
		{218DB0DB-EE92-4FE9-9F83-3F5E9B69788E}.Release|x86.ActiveCfg = Release|Win32
		{218DB0DB-EE92-4FE9-9F83-3F5E9B69788E}.Release|x86.Build.0 = Release|Win32
		{D996B66D-870A-455E-9F40-A127E96847C0}.Debug|Any CPU.ActiveCfg = Debug|x64
		{D996B66D-870A-455E-9F40-A127E96847C0}.Debug|Any CPU.Build.0 = Debug|x64
		{D996B66D-870A-455E-9F40-A127E96847C0}.Debug|x64.ActiveCfg = Debug|x64
		{D996B66D-870A-455E-9F40-A127E96847C0}.Debug|x64.Build.0 = Debug|x64
		{D996B66D-870A-455E-9F40-A127E96847C0}.Debug|x86.ActiveCfg = Debug|Win32
		{D996B66D-870A-455E-9F40-A127E96847C0}.Debug|x86.Build.0 = Debug|Win32
		{D996B66D-870A-455E-9F40-A127E96847C0}.Release|Any CPU.ActiveCfg = Release|x64
		{D996B66D-870A-455E-9F40-A127E96847C0}.Release|Any CPU.Build.0 = Release|x64
		{D996B66D-870A-455E-9F40-A127E96847C0}.Release|x64.ActiveCfg = Release|x64
		{D996B66D-870A-455E-9F40-A127E96847C0}.Release|x64.Build.0 = Release|x64
		{D996B66D-870A-455E-9F40-A127E96847C0}.Release|x86.ActiveCfg = Release|Win32
		{D996B66D-870A-455E-9F40-A127E96847C0}.Release|x86.Build.0 = Release|Win32
	EndGlobalSection
	GlobalSection(SolutionProperties) = preSolution
		HideSolutionNode = FALSE
	EndGlobalSection
	GlobalSection(NestedProjects) = preSolution
		{F46EAD73-0FDA-4586-B81A-38A7B0837EB6} = {02EA681E-C7D8-13C7-8484-4AC65E1B71E8}
		{25EC4296-6D33-4073-9724-E1DCD12DEFAB} = {F46EAD73-0FDA-4586-B81A-38A7B0837EB6}
		{07B6DE3E-FDF6-4293-BBA6-56AC2394FF27} = {ABCF57D8-A47E-44FE-82C9-82570289BFA1}
		{F6AABF94-ED61-41AC-AAAD-E75510AF8CFF} = {ABCF57D8-A47E-44FE-82C9-82570289BFA1}
		{E46BEE7B-2FF6-49B9-8B9D-C6FA567039C2} = {ABCF57D8-A47E-44FE-82C9-82570289BFA1}
		{546D749C-47DD-062B-5C3F-5734F5245225} = {898E0E73-5893-4C0E-9774-BD8EAD590E8A}
		{1A989ADA-638C-4D0C-BEF8-7869ACD84F0C} = {898E0E73-5893-4C0E-9774-BD8EAD590E8A}
		{B2B9BC47-F52E-43B6-8339-30AA5AC15515} = {898E0E73-5893-4C0E-9774-BD8EAD590E8A}
		{29E52067-D4AF-42A8-BCDC-5BE88A8D93A9} = {ABCF57D8-A47E-44FE-82C9-82570289BFA1}
		{218DB0DB-EE92-4FE9-9F83-3F5E9B69788E} = {29E52067-D4AF-42A8-BCDC-5BE88A8D93A9}
		{D996B66D-870A-455E-9F40-A127E96847C0} = {29E52067-D4AF-42A8-BCDC-5BE88A8D93A9}
	EndGlobalSection
	GlobalSection(ExtensibilityGlobals) = postSolution
		SolutionGuid = {7E07194E-A80A-4684-AA2A-D233517C3070}
	EndGlobalSection
	GlobalSection(SharedMSBuildProjectFiles) = preSolution
		c++\truckconnect\truckconnect.vcxitems*{07b6de3e-fdf6-4293-bba6-56ac2394ff27}*SharedItemsImports = 9
		..\proto-truckconnect\NStreamCom\nstreamcom.vcxitems*{218db0db-ee92-4fe9-9f83-3f5e9b69788e}*SharedItemsImports = 4
		c++\truckconnect\truckconnect.vcxitems*{218db0db-ee92-4fe9-9f83-3f5e9b69788e}*SharedItemsImports = 4
		..\proto-truckconnect\NStreamCom\nstreamcom.vcxitems*{4a867dcf-7b98-4d1f-b99d-64537f788236}*SharedItemsImports = 4
		c++\truckconnect\truckconnect.vcxitems*{4a867dcf-7b98-4d1f-b99d-64537f788236}*SharedItemsImports = 4
		..\proto-truckconnect\NStreamCom\nstreamcom.vcxitems*{d996b66d-870a-455e-9f40-a127e96847c0}*SharedItemsImports = 4
		c++\truckconnect\truckconnect.vcxitems*{d996b66d-870a-455e-9f40-a127e96847c0}*SharedItemsImports = 4
		..\proto-truckconnect\NStreamCom\nstreamcom.vcxitems*{e46bee7b-2ff6-49b9-8b9d-c6fa567039c2}*SharedItemsImports = 4
		c++\truckconnect\truckconnect.vcxitems*{e46bee7b-2ff6-49b9-8b9d-c6fa567039c2}*SharedItemsImports = 4
		..\proto-truckconnect\NStreamCom\nstreamcom.vcxitems*{f6aabf94-ed61-41ac-aaad-e75510af8cff}*SharedItemsImports = 9
	EndGlobalSection
EndGlobal
