<?xml version="1.0" encoding="utf-8"?>
<Project ToolsVersion="4.0" xmlns="http://schemas.microsoft.com/developer/msbuild/2003">
  <ItemGroup>
    <Filter Include="include">
      <UniqueIdentifier>{c8899d10-a265-4dd8-939f-d873efffafae}</UniqueIdentifier>
    </Filter>
    <Filter Include="src">
      <UniqueIdentifier>{f356fdd8-2697-48a9-9a49-30a266a0013b}</UniqueIdentifier>
    </Filter>
    <Filter Include="include\scssdk">
      <UniqueIdentifier>{c6a06aa8-1651-4e23-97f8-519e27b22d48}</UniqueIdentifier>
    </Filter>
    <Filter Include="include\scssdk\amtrucks">
      <UniqueIdentifier>{ac4f6c9e-0585-40c2-b77e-1fc44354841b}</UniqueIdentifier>
    </Filter>
    <Filter Include="include\scssdk\common">
      <UniqueIdentifier>{ba9d4e01-a395-418e-b957-0d90fe3559d9}</UniqueIdentifier>
    </Filter>
    <Filter Include="include\scssdk\eurotrucks2">
      <UniqueIdentifier>{05924906-0bdb-412e-85d7-9594c4931d3e}</UniqueIdentifier>
    </Filter>
    <Filter Include="include\truckconnect_platform_win">
      <UniqueIdentifier>{5e4bba54-ec77-4efe-a91c-00bf6ca29eeb}</UniqueIdentifier>
    </Filter>
  </ItemGroup>
  <ItemGroup>
    <ClInclude Include="$(MSBuildThisFileDirectory)include\truckconnect.h">
      <Filter>include</Filter>
    </ClInclude>
    <ClInclude Include="$(MSBuildThisFileDirectory)include\truckconnect_version.h">
      <Filter>include</Filter>
    </ClInclude>
    <ClInclude Include="$(MSBuildThisFileDirectory)include\truckconnect_platform.h">
      <Filter>include</Filter>
    </ClInclude>
    <ClInclude Include="$(MSBuildThisFileDirectory)include\scssdk\scssdk.h">
      <Filter>include\scssdk</Filter>
    </ClInclude>
    <ClInclude Include="$(MSBuildThisFileDirectory)include\scssdk\scssdk_input.h">
      <Filter>include\scssdk</Filter>
    </ClInclude>
    <ClInclude Include="$(MSBuildThisFileDirectory)include\scssdk\scssdk_input_device.h">
      <Filter>include\scssdk</Filter>
    </ClInclude>
    <ClInclude Include="$(MSBuildThisFileDirectory)include\scssdk\scssdk_input_event.h">
      <Filter>include\scssdk</Filter>
    </ClInclude>
    <ClInclude Include="$(MSBuildThisFileDirectory)include\scssdk\scssdk_telemetry.h">
      <Filter>include\scssdk</Filter>
    </ClInclude>
    <ClInclude Include="$(MSBuildThisFileDirectory)include\scssdk\scssdk_telemetry_channel.h">
      <Filter>include\scssdk</Filter>
    </ClInclude>
    <ClInclude Include="$(MSBuildThisFileDirectory)include\scssdk\scssdk_telemetry_event.h">
      <Filter>include\scssdk</Filter>
    </ClInclude>
    <ClInclude Include="$(MSBuildThisFileDirectory)include\scssdk\scssdk_value.h">
      <Filter>include\scssdk</Filter>
    </ClInclude>
    <ClInclude Include="$(MSBuildThisFileDirectory)include\scssdk\amtrucks\scssdk_ats.h">
      <Filter>include\scssdk\amtrucks</Filter>
    </ClInclude>
    <ClInclude Include="$(MSBuildThisFileDirectory)include\scssdk\amtrucks\scssdk_input_ats.h">
      <Filter>include\scssdk\amtrucks</Filter>
    </ClInclude>
    <ClInclude Include="$(MSBuildThisFileDirectory)include\scssdk\amtrucks\scssdk_telemetry_ats.h">
      <Filter>include\scssdk\amtrucks</Filter>
    </ClInclude>
    <ClInclude Include="$(MSBuildThisFileDirectory)include\scssdk\common\scssdk_telemetry_common_channels.h">
      <Filter>include\scssdk\common</Filter>
    </ClInclude>
    <ClInclude Include="$(MSBuildThisFileDirectory)include\scssdk\common\scssdk_telemetry_common_configs.h">
      <Filter>include\scssdk\common</Filter>
    </ClInclude>
    <ClInclude Include="$(MSBuildThisFileDirectory)include\scssdk\common\scssdk_telemetry_common_gameplay_events.h">
      <Filter>include\scssdk\common</Filter>
    </ClInclude>
    <ClInclude Include="$(MSBuildThisFileDirectory)include\scssdk\common\scssdk_telemetry_job_common_channels.h">
      <Filter>include\scssdk\common</Filter>
    </ClInclude>
    <ClInclude Include="$(MSBuildThisFileDirectory)include\scssdk\common\scssdk_telemetry_trailer_common_channels.h">
      <Filter>include\scssdk\common</Filter>
    </ClInclude>
    <ClInclude Include="$(MSBuildThisFileDirectory)include\scssdk\common\scssdk_telemetry_truck_common_channels.h">
      <Filter>include\scssdk\common</Filter>
    </ClInclude>
    <ClInclude Include="$(MSBuildThisFileDirectory)include\scssdk\eurotrucks2\scssdk_eut2.h">
      <Filter>include\scssdk\eurotrucks2</Filter>
    </ClInclude>
    <ClInclude Include="$(MSBuildThisFileDirectory)include\scssdk\eurotrucks2\scssdk_input_eut2.h">
      <Filter>include\scssdk\eurotrucks2</Filter>
    </ClInclude>
    <ClInclude Include="$(MSBuildThisFileDirectory)include\scssdk\eurotrucks2\scssdk_telemetry_eut2.h">
      <Filter>include\scssdk\eurotrucks2</Filter>
    </ClInclude>
    <ClInclude Include="$(MSBuildThisFileDirectory)include\truck_connect_platform_win\truckconnect_platform_win.h">
      <Filter>include\truckconnect_platform_win</Filter>
    </ClInclude>
    <ClInclude Include="$(MSBuildThisFileDirectory)include\truck_connect_platform_win\truckconnect_platform_win_event_signal.h">
      <Filter>include\truckconnect_platform_win</Filter>
    </ClInclude>
    <ClInclude Include="$(MSBuildThisFileDirectory)include\value_storage.h">
      <Filter>include</Filter>
    </ClInclude>
    <ClInclude Include="$(MSBuildThisFileDirectory)include\master_structure.h">
      <Filter>include</Filter>
    </ClInclude>
    <ClInclude Include="$(MSBuildThisFileDirectory)include\telemetry_metadata.h">
      <Filter>include</Filter>
    </ClInclude>
    <ClInclude Include="$(MSBuildThisFileDirectory)include\metadata_functions.h">
      <Filter>include</Filter>
    </ClInclude>
    <ClInclude Include="$(MSBuildThisFileDirectory)include\packed_size.h">
      <Filter>include</Filter>
    </ClInclude>
    <ClInclude Include="$(MSBuildThisFileDirectory)include\byte_converters.h">
      <Filter>include</Filter>
    </ClInclude>
    <ClInclude Include="$(MSBuildThisFileDirectory)include\truck_connect_platform_win\truckconnect_platform_win_sockets.h">
      <Filter>include\truckconnect_platform_win</Filter>
    </ClInclude>
    <ClInclude Include="$(MSBuildThisFileDirectory)include\vector_collector.h">
      <Filter>include</Filter>
    </ClInclude>
    <ClInclude Include="$(MSBuildThisFileDirectory)include\connection.h">
      <Filter>include</Filter>
    </ClInclude>
    <ClInclude Include="$(MSBuildThisFileDirectory)include\data.h">
      <Filter>include</Filter>
    </ClInclude>
  </ItemGroup>
  <ItemGroup>
    <ClCompile Include="$(MSBuildThisFileDirectory)src\byte_converters.cpp">
      <Filter>src</Filter>
    </ClCompile>
    <ClCompile Include="$(MSBuildThisFileDirectory)src\vector_collector.cpp">
      <Filter>src</Filter>
    </ClCompile>
    <ClCompile Include="$(MSBuildThisFileDirectory)src\connection.cpp">
      <Filter>src</Filter>
    </ClCompile>
  </ItemGroup>
  <ItemGroup>
    <None Include="$(MSBuildThisFileDirectory)include\truckconnect">
      <Filter>include</Filter>
    </None>
  </ItemGroup>
</Project>